
Microsoft Visual Studio Solution File, Format Version 12.00
# Visual Studio Version 16
VisualStudioVersion = 16.0.33328.57
MinimumVisualStudioVersion = 10.0.40219.1
Project("{FAE04EC0-301F-11D3-BF4B-00C04F79EFBC}") = "ContainsDuplicate", "ContainsDuplicate.csproj", "{5457F86A-DA3C-464B-B904-E7126C063426}"
EndProject
Global
	GlobalSection(SolutionConfigurationPlatforms) = preSolution
		Debug|Any CPU = Debug|Any CPU
		Release|Any CPU = Release|Any CPU
	EndGlobalSection
	GlobalSection(ProjectConfigurationPlatforms) = postSolution
		{5457F86A-DA3C-464B-B904-E7126C063426}.Debug|Any CPU.ActiveCfg = Debug|Any CPU
		{5457F86A-DA3C-464B-B904-E7126C063426}.Debug|Any CPU.Build.0 = Debug|Any CPU
		{5457F86A-DA3C-464B-B904-E7126C063426}.Release|Any CPU.ActiveCfg = Release|Any CPU
		{5457F86A-DA3C-464B-B904-E7126C063426}.Release|Any CPU.Build.0 = Release|Any CPU
	EndGlobalSection
	GlobalSection(SolutionProperties) = preSolution
		HideSolutionNode = FALSE
	EndGlobalSection
	GlobalSection(ExtensibilityGlobals) = postSolution
		SolutionGuid = {38F58BDD-27B0-4571-88A6-2AC4518376AB}
	EndGlobalSection
EndGlobal
